
Microsoft Visual Studio Solution File, Format Version 12.00
# Visual Studio Version 17
VisualStudioVersion = 17.5.002.0
MinimumVisualStudioVersion = 10.0.40219.1
Project("{9A19103F-16F7-4668-BE54-9A1E7A4F7556}") = "SPO-Webhook-Example", "SPO-Webhook-Example.csproj", "{7D70B088-2C34-4C7E-8E86-5F19D93F39EA}"
EndProject
Global
	GlobalSection(SolutionConfigurationPlatforms) = preSolution
		Debug|Any CPU = Debug|Any CPU
		Release|Any CPU = Release|Any CPU
	EndGlobalSection
	GlobalSection(ProjectConfigurationPlatforms) = postSolution
		{7D70B088-2C34-4C7E-8E86-5F19D93F39EA}.Debug|Any CPU.ActiveCfg = Debug|Any CPU
		{7D70B088-2C34-4C7E-8E86-5F19D93F39EA}.Debug|Any CPU.Build.0 = Debug|Any CPU
		{7D70B088-2C34-4C7E-8E86-5F19D93F39EA}.Release|Any CPU.ActiveCfg = Release|Any CPU
		{7D70B088-2C34-4C7E-8E86-5F19D93F39EA}.Release|Any CPU.Build.0 = Release|Any CPU
	EndGlobalSection
	GlobalSection(SolutionProperties) = preSolution
		HideSolutionNode = FALSE
	EndGlobalSection
	GlobalSection(ExtensibilityGlobals) = postSolution
		SolutionGuid = {61477791-A94F-49B5-8ABC-F16A5ABAED4E}
	EndGlobalSection
EndGlobal
